
Microsoft Visual Studio Solution File, Format Version 12.00
# Visual Studio Version 16
VisualStudioVersion = 16.0.30320.27
MinimumVisualStudioVersion = 10.0.40219.1
Project("{FAE04EC0-301F-11D3-BF4B-00C04F79EFBC}") = "FirstProject", "FirstProject\FirstProject.csproj", "{205A9D66-734A-4357-97E0-CA5A46E9C9CF}"
EndProject
Global
	GlobalSection(SolutionConfigurationPlatforms) = preSolution
		Debug|Any CPU = Debug|Any CPU
		Release|Any CPU = Release|Any CPU
	EndGlobalSection
	GlobalSection(ProjectConfigurationPlatforms) = postSolution
		{205A9D66-734A-4357-97E0-CA5A46E9C9CF}.Debug|Any CPU.ActiveCfg = Debug|Any CPU
		{205A9D66-734A-4357-97E0-CA5A46E9C9CF}.Debug|Any CPU.Build.0 = Debug|Any CPU
		{205A9D66-734A-4357-97E0-CA5A46E9C9CF}.Release|Any CPU.ActiveCfg = Release|Any CPU
		{205A9D66-734A-4357-97E0-CA5A46E9C9CF}.Release|Any CPU.Build.0 = Release|Any CPU
	EndGlobalSection
	GlobalSection(SolutionProperties) = preSolution
		HideSolutionNode = FALSE
	EndGlobalSection
	GlobalSection(ExtensibilityGlobals) = postSolution
		SolutionGuid = {2A103D4D-FA8A-4B81-92F1-76D8DD8F0C7C}
	EndGlobalSection
EndGlobal
